// !$*UTF8*$!
{
	archiveVersion = 1;
	classes = {
	};
	objectVersion = 46;
	objects = {

/* Begin PBXBuildFile section */
		60C3D6E51BA66A6700781E52 /* main.m in Sources */ = {isa = PBXBuildFile; fileRef = 60C3D6E41BA66A6700781E52 /* main.m */; };
		60C3D6E81BA66A6700781E52 /* AppDelegate.m in Sources */ = {isa = PBXBuildFile; fileRef = 60C3D6E71BA66A6700781E52 /* AppDelegate.m */; };
		60C3D6EB1BA66A6700781E52 /* ViewController.m in Sources */ = {isa = PBXBuildFile; fileRef = 60C3D6EA1BA66A6700781E52 /* ViewController.m */; };
		60C3D6EE1BA66A6700781E52 /* Main.storyboard in Resources */ = {isa = PBXBuildFile; fileRef = 60C3D6EC1BA66A6700781E52 /* Main.storyboard */; };
		60C3D6F01BA66A6700781E52 /* Images.xcassets in Resources */ = {isa = PBXBuildFile; fileRef = 60C3D6EF1BA66A6700781E52 /* Images.xcassets */; };
		60C3D6F31BA66A6700781E52 /* LaunchScreen.xib in Resources */ = {isa = PBXBuildFile; fileRef = 60C3D6F11BA66A6700781E52 /* LaunchScreen.xib */; };
		60C3D6FF1BA66A6700781E52 /* NHNetEasyNaviProTests.m in Sources */ = {isa = PBXBuildFile; fileRef = 60C3D6FE1BA66A6700781E52 /* NHNetEasyNaviProTests.m */; };
		60C3D70C1BA66B9700781E52 /* NHNaviSubscriber.m in Sources */ = {isa = PBXBuildFile; fileRef = 60C3D70B1BA66B9700781E52 /* NHNaviSubscriber.m */; };
		60C3D7121BA671C600781E52 /* Arrow.png in Resources */ = {isa = PBXBuildFile; fileRef = 60C3D70E1BA671C600781E52 /* Arrow.png */; };
		60C3D7131BA671C600781E52 /* delete.png in Resources */ = {isa = PBXBuildFile; fileRef = 60C3D70F1BA671C600781E52 /* delete.png */; };
		60C3D7141BA671C600781E52 /* nav_background.png in Resources */ = {isa = PBXBuildFile; fileRef = 60C3D7101BA671C600781E52 /* nav_background.png */; };
		60C3D7151BA671C600781E52 /* nav_bg.png in Resources */ = {isa = PBXBuildFile; fileRef = 60C3D7111BA671C600781E52 /* nav_bg.png */; };
		60F25F541BB0FC4A00FF6017 /* NHReuseCell.m in Sources */ = {isa = PBXBuildFile; fileRef = 60F25F531BB0FC4A00FF6017 /* NHReuseCell.m */; settings = {ASSET_TAGS = (); }; };
		60F25F571BB0FC9500FF6017 /* NHReuseView.m in Sources */ = {isa = PBXBuildFile; fileRef = 60F25F561BB0FC9500FF6017 /* NHReuseView.m */; settings = {ASSET_TAGS = (); }; };
/* End PBXBuildFile section */

/* Begin PBXContainerItemProxy section */
		60C3D6F91BA66A6700781E52 /* PBXContainerItemProxy */ = {
			isa = PBXContainerItemProxy;
			containerPortal = 60C3D6D71BA66A6700781E52 /* Project object */;
			proxyType = 1;
			remoteGlobalIDString = 60C3D6DE1BA66A6700781E52;
			remoteInfo = NHNetEasyNaviPro;
		};
/* End PBXContainerItemProxy section */

/* Begin PBXFileReference section */
		60C3D6DF1BA66A6700781E52 /* NHNetEasyNaviPro.app */ = {isa = PBXFileReference; explicitFileType = wrapper.application; includeInIndex = 0; path = NHNetEasyNaviPro.app; sourceTree = BUILT_PRODUCTS_DIR; };
		60C3D6E31BA66A6700781E52 /* Info.plist */ = {isa = PBXFileReference; lastKnownFileType = text.plist.xml; path = Info.plist; sourceTree = "<group>"; };
		60C3D6E41BA66A6700781E52 /* main.m */ = {isa = PBXFileReference; lastKnownFileType = sourcecode.c.objc; path = main.m; sourceTree = "<group>"; };
		60C3D6E61BA66A6700781E52 /* AppDelegate.h */ = {isa = PBXFileReference; lastKnownFileType = sourcecode.c.h; path = AppDelegate.h; sourceTree = "<group>"; };
		60C3D6E71BA66A6700781E52 /* AppDelegate.m */ = {isa = PBXFileReference; lastKnownFileType = sourcecode.c.objc; path = AppDelegate.m; sourceTree = "<group>"; };
		60C3D6E91BA66A6700781E52 /* ViewController.h */ = {isa = PBXFileReference; lastKnownFileType = sourcecode.c.h; path = ViewController.h; sourceTree = "<group>"; };
		60C3D6EA1BA66A6700781E52 /* ViewController.m */ = {isa = PBXFileReference; lastKnownFileType = sourcecode.c.objc; path = ViewController.m; sourceTree = "<group>"; };
		60C3D6ED1BA66A6700781E52 /* Base */ = {isa = PBXFileReference; lastKnownFileType = file.storyboard; name = Base; path = Base.lproj/Main.storyboard; sourceTree = "<group>"; };
		60C3D6EF1BA66A6700781E52 /* Images.xcassets */ = {isa = PBXFileReference; lastKnownFileType = folder.assetcatalog; path = Images.xcassets; sourceTree = "<group>"; };
		60C3D6F21BA66A6700781E52 /* Base */ = {isa = PBXFileReference; lastKnownFileType = file.xib; name = Base; path = Base.lproj/LaunchScreen.xib; sourceTree = "<group>"; };
		60C3D6F81BA66A6700781E52 /* NHNetEasyNaviProTests.xctest */ = {isa = PBXFileReference; explicitFileType = wrapper.cfbundle; includeInIndex = 0; path = NHNetEasyNaviProTests.xctest; sourceTree = BUILT_PRODUCTS_DIR; };
		60C3D6FD1BA66A6700781E52 /* Info.plist */ = {isa = PBXFileReference; lastKnownFileType = text.plist.xml; path = Info.plist; sourceTree = "<group>"; };
		60C3D6FE1BA66A6700781E52 /* NHNetEasyNaviProTests.m */ = {isa = PBXFileReference; lastKnownFileType = sourcecode.c.objc; path = NHNetEasyNaviProTests.m; sourceTree = "<group>"; };
		60C3D70A1BA66B9700781E52 /* NHNaviSubscriber.h */ = {isa = PBXFileReference; fileEncoding = 4; lastKnownFileType = sourcecode.c.h; path = NHNaviSubscriber.h; sourceTree = "<group>"; };
		60C3D70B1BA66B9700781E52 /* NHNaviSubscriber.m */ = {isa = PBXFileReference; fileEncoding = 4; lastKnownFileType = sourcecode.c.objc; path = NHNaviSubscriber.m; sourceTree = "<group>"; };
		60C3D70E1BA671C600781E52 /* Arrow.png */ = {isa = PBXFileReference; lastKnownFileType = image.png; path = Arrow.png; sourceTree = "<group>"; };
		60C3D70F1BA671C600781E52 /* delete.png */ = {isa = PBXFileReference; lastKnownFileType = image.png; path = delete.png; sourceTree = "<group>"; };
		60C3D7101BA671C600781E52 /* nav_background.png */ = {isa = PBXFileReference; lastKnownFileType = image.png; path = nav_background.png; sourceTree = "<group>"; };
		60C3D7111BA671C600781E52 /* nav_bg.png */ = {isa = PBXFileReference; lastKnownFileType = image.png; path = nav_bg.png; sourceTree = "<group>"; };
		60F25F521BB0FC4A00FF6017 /* NHReuseCell.h */ = {isa = PBXFileReference; fileEncoding = 4; lastKnownFileType = sourcecode.c.h; path = NHReuseCell.h; sourceTree = "<group>"; };
		60F25F531BB0FC4A00FF6017 /* NHReuseCell.m */ = {isa = PBXFileReference; fileEncoding = 4; lastKnownFileType = sourcecode.c.objc; path = NHReuseCell.m; sourceTree = "<group>"; };
		60F25F551BB0FC9500FF6017 /* NHReuseView.h */ = {isa = PBXFileReference; fileEncoding = 4; lastKnownFileType = sourcecode.c.h; path = NHReuseView.h; sourceTree = "<group>"; };
		60F25F561BB0FC9500FF6017 /* NHReuseView.m */ = {isa = PBXFileReference; fileEncoding = 4; lastKnownFileType = sourcecode.c.objc; path = NHReuseView.m; sourceTree = "<group>"; };
/* End PBXFileReference section */

/* Begin PBXFrameworksBuildPhase section */
		60C3D6DC1BA66A6700781E52 /* Frameworks */ = {
			isa = PBXFrameworksBuildPhase;
			buildActionMask = 2147483647;
			files = (
			);
			runOnlyForDeploymentPostprocessing = 0;
		};
		60C3D6F51BA66A6700781E52 /* Frameworks */ = {
			isa = PBXFrameworksBuildPhase;
			buildActionMask = 2147483647;
			files = (
			);
			runOnlyForDeploymentPostprocessing = 0;
		};
/* End PBXFrameworksBuildPhase section */

/* Begin PBXGroup section */
		60C3D6D61BA66A6700781E52 = {
			isa = PBXGroup;
			children = (
				60C3D6E11BA66A6700781E52 /* NHNetEasyNaviPro */,
				60C3D6FB1BA66A6700781E52 /* NHNetEasyNaviProTests */,
				60C3D6E01BA66A6700781E52 /* Products */,
			);
			sourceTree = "<group>";
		};
		60C3D6E01BA66A6700781E52 /* Products */ = {
			isa = PBXGroup;
			children = (
				60C3D6DF1BA66A6700781E52 /* NHNetEasyNaviPro.app */,
				60C3D6F81BA66A6700781E52 /* NHNetEasyNaviProTests.xctest */,
			);
			name = Products;
			sourceTree = "<group>";
		};
		60C3D6E11BA66A6700781E52 /* NHNetEasyNaviPro */ = {
			isa = PBXGroup;
			children = (
				60C3D7081BA66A9B00781E52 /* Libs */,
				60C3D6E61BA66A6700781E52 /* AppDelegate.h */,
				60C3D6E71BA66A6700781E52 /* AppDelegate.m */,
				60C3D6E91BA66A6700781E52 /* ViewController.h */,
				60C3D6EA1BA66A6700781E52 /* ViewController.m */,
				60C3D6EC1BA66A6700781E52 /* Main.storyboard */,
				60C3D6EF1BA66A6700781E52 /* Images.xcassets */,
				60C3D6F11BA66A6700781E52 /* LaunchScreen.xib */,
				60C3D6E21BA66A6700781E52 /* Supporting Files */,
			);
			path = NHNetEasyNaviPro;
			sourceTree = "<group>";
		};
		60C3D6E21BA66A6700781E52 /* Supporting Files */ = {
			isa = PBXGroup;
			children = (
				60C3D6E31BA66A6700781E52 /* Info.plist */,
				60C3D6E41BA66A6700781E52 /* main.m */,
			);
			name = "Supporting Files";
			sourceTree = "<group>";
		};
		60C3D6FB1BA66A6700781E52 /* NHNetEasyNaviProTests */ = {
			isa = PBXGroup;
			children = (
				60C3D6FE1BA66A6700781E52 /* NHNetEasyNaviProTests.m */,
				60C3D6FC1BA66A6700781E52 /* Supporting Files */,
			);
			path = NHNetEasyNaviProTests;
			sourceTree = "<group>";
		};
		60C3D6FC1BA66A6700781E52 /* Supporting Files */ = {
			isa = PBXGroup;
			children = (
				60C3D6FD1BA66A6700781E52 /* Info.plist */,
			);
			name = "Supporting Files";
			sourceTree = "<group>";
		};
		60C3D7081BA66A9B00781E52 /* Libs */ = {
			isa = PBXGroup;
			children = (
				60F25F511BB0FBD900FF6017 /* NHReuseComponets */,
				60C3D7091BA66A9B00781E52 /* NHNaviComponets */,
			);
			path = Libs;
			sourceTree = "<group>";
		};
		60C3D7091BA66A9B00781E52 /* NHNaviComponets */ = {
			isa = PBXGroup;
			children = (
				60C3D70D1BA671C600781E52 /* images */,
				60C3D70A1BA66B9700781E52 /* NHNaviSubscriber.h */,
				60C3D70B1BA66B9700781E52 /* NHNaviSubscriber.m */,
			);
			path = NHNaviComponets;
			sourceTree = "<group>";
		};
		60C3D70D1BA671C600781E52 /* images */ = {
			isa = PBXGroup;
			children = (
				60C3D70E1BA671C600781E52 /* Arrow.png */,
				60C3D70F1BA671C600781E52 /* delete.png */,
				60C3D7101BA671C600781E52 /* nav_background.png */,
				60C3D7111BA671C600781E52 /* nav_bg.png */,
			);
			path = images;
			sourceTree = "<group>";
		};
		60F25F511BB0FBD900FF6017 /* NHReuseComponets */ = {
			isa = PBXGroup;
			children = (
				60F25F521BB0FC4A00FF6017 /* NHReuseCell.h */,
				60F25F531BB0FC4A00FF6017 /* NHReuseCell.m */,
				60F25F551BB0FC9500FF6017 /* NHReuseView.h */,
				60F25F561BB0FC9500FF6017 /* NHReuseView.m */,
			);
			path = NHReuseComponets;
			sourceTree = "<group>";
		};
/* End PBXGroup section */

/* Begin PBXNativeTarget section */
		60C3D6DE1BA66A6700781E52 /* NHNetEasyNaviPro */ = {
			isa = PBXNativeTarget;
			buildConfigurationList = 60C3D7021BA66A6700781E52 /* Build configuration list for PBXNativeTarget "NHNetEasyNaviPro" */;
			buildPhases = (
				60C3D6DB1BA66A6700781E52 /* Sources */,
				60C3D6DC1BA66A6700781E52 /* Frameworks */,
				60C3D6DD1BA66A6700781E52 /* Resources */,
			);
			buildRules = (
			);
			dependencies = (
			);
			name = NHNetEasyNaviPro;
			productName = NHNetEasyNaviPro;
			productReference = 60C3D6DF1BA66A6700781E52 /* NHNetEasyNaviPro.app */;
			productType = "com.apple.product-type.application";
		};
		60C3D6F71BA66A6700781E52 /* NHNetEasyNaviProTests */ = {
			isa = PBXNativeTarget;
			buildConfigurationList = 60C3D7051BA66A6700781E52 /* Build configuration list for PBXNativeTarget "NHNetEasyNaviProTests" */;
			buildPhases = (
				60C3D6F41BA66A6700781E52 /* Sources */,
				60C3D6F51BA66A6700781E52 /* Frameworks */,
				60C3D6F61BA66A6700781E52 /* Resources */,
			);
			buildRules = (
			);
			dependencies = (
				60C3D6FA1BA66A6700781E52 /* PBXTargetDependency */,
			);
			name = NHNetEasyNaviProTests;
			productName = NHNetEasyNaviProTests;
			productReference = 60C3D6F81BA66A6700781E52 /* NHNetEasyNaviProTests.xctest */;
			productType = "com.apple.product-type.bundle.unit-test";
		};
/* End PBXNativeTarget section */

/* Begin PBXProject section */
		60C3D6D71BA66A6700781E52 /* Project object */ = {
			isa = PBXProject;
			attributes = {
				LastUpgradeCheck = 0640;
				ORGANIZATIONNAME = "hu jiaju";
				TargetAttributes = {
					60C3D6DE1BA66A6700781E52 = {
						CreatedOnToolsVersion = 6.4;
					};
					60C3D6F71BA66A6700781E52 = {
						CreatedOnToolsVersion = 6.4;
						TestTargetID = 60C3D6DE1BA66A6700781E52;
					};
				};
			};
			buildConfigurationList = 60C3D6DA1BA66A6700781E52 /* Build configuration list for PBXProject "NHNetEasyNaviPro" */;
			compatibilityVersion = "Xcode 3.2";
			developmentRegion = English;
			hasScannedForEncodings = 0;
			knownRegions = (
				en,
				Base,
			);
			mainGroup = 60C3D6D61BA66A6700781E52;
			productRefGroup = 60C3D6E01BA66A6700781E52 /* Products */;
			projectDirPath = "";
			projectRoot = "";
			targets = (
				60C3D6DE1BA66A6700781E52 /* NHNetEasyNaviPro */,
				60C3D6F71BA66A6700781E52 /* NHNetEasyNaviProTests */,
			);
		};
/* End PBXProject section */

/* Begin PBXResourcesBuildPhase section */
		60C3D6DD1BA66A6700781E52 /* Resources */ = {
			isa = PBXResourcesBuildPhase;
			buildActionMask = 2147483647;
			files = (
				60C3D6EE1BA66A6700781E52 /* Main.storyboard in Resources */,
				60C3D7141BA671C600781E52 /* nav_background.png in Resources */,
				60C3D6F31BA66A6700781E52 /* LaunchScreen.xib in Resources */,
				60C3D6F01BA66A6700781E52 /* Images.xcassets in Resources */,
				60C3D7131BA671C600781E52 /* delete.png in Resources */,
				60C3D7121BA671C600781E52 /* Arrow.png in Resources */,
				60C3D7151BA671C600781E52 /* nav_bg.png in Resources */,
			);
			runOnlyForDeploymentPostprocessing = 0;
		};
		60C3D6F61BA66A6700781E52 /* Resources */ = {
			isa = PBXResourcesBuildPhase;
			buildActionMask = 2147483647;
			files = (
			);
			runOnlyForDeploymentPostprocessing = 0;
		};
/* End PBXResourcesBuildPhase section */

/* Begin PBXSourcesBuildPhase section */
		60C3D6DB1BA66A6700781E52 /* Sources */ = {
			isa = PBXSourcesBuildPhase;
			buildActionMask = 2147483647;
			files = (
				60F25F541BB0FC4A00FF6017 /* NHReuseCell.m in Sources */,
				60F25F571BB0FC9500FF6017 /* NHReuseView.m in Sources */,
				60C3D6EB1BA66A6700781E52 /* ViewController.m in Sources */,
				60C3D70C1BA66B9700781E52 /* NHNaviSubscriber.m in Sources */,
				60C3D6E81BA66A6700781E52 /* AppDelegate.m in Sources */,
				60C3D6E51BA66A6700781E52 /* main.m in Sources */,
			);
			runOnlyForDeploymentPostprocessing = 0;
		};
		60C3D6F41BA66A6700781E52 /* Sources */ = {
			isa = PBXSourcesBuildPhase;
			buildActionMask = 2147483647;
			files = (
				60C3D6FF1BA66A6700781E52 /* NHNetEasyNaviProTests.m in Sources */,
			);
			runOnlyForDeploymentPostprocessing = 0;
		};
/* End PBXSourcesBuildPhase section */

/* Begin PBXTargetDependency section */
		60C3D6FA1BA66A6700781E52 /* PBXTargetDependency */ = {
			isa = PBXTargetDependency;
			target = 60C3D6DE1BA66A6700781E52 /* NHNetEasyNaviPro */;
			targetProxy = 60C3D6F91BA66A6700781E52 /* PBXContainerItemProxy */;
		};
/* End PBXTargetDependency section */

/* Begin PBXVariantGroup section */
		60C3D6EC1BA66A6700781E52 /* Main.storyboard */ = {
			isa = PBXVariantGroup;
			children = (
				60C3D6ED1BA66A6700781E52 /* Base */,
			);
			name = Main.storyboard;
			sourceTree = "<group>";
		};
		60C3D6F11BA66A6700781E52 /* LaunchScreen.xib */ = {
			isa = PBXVariantGroup;
			children = (
				60C3D6F21BA66A6700781E52 /* Base */,
			);
			name = LaunchScreen.xib;
			sourceTree = "<group>";
		};
/* End PBXVariantGroup section */

/* Begin XCBuildConfiguration section */
		60C3D7001BA66A6700781E52 /* Debug */ = {
			isa = XCBuildConfiguration;
			buildSettings = {
				ALWAYS_SEARCH_USER_PATHS = NO;
				CLANG_CXX_LANGUAGE_STANDARD = "gnu++0x";
				CLANG_CXX_LIBRARY = "libc++";
				CLANG_ENABLE_MODULES = YES;
				CLANG_ENABLE_OBJC_ARC = YES;
				CLANG_WARN_BOOL_CONVERSION = YES;
				CLANG_WARN_CONSTANT_CONVERSION = YES;
				CLANG_WARN_DIRECT_OBJC_ISA_USAGE = YES_ERROR;
				CLANG_WARN_EMPTY_BODY = YES;
				CLANG_WARN_ENUM_CONVERSION = YES;
				CLANG_WARN_INT_CONVERSION = YES;
				CLANG_WARN_OBJC_ROOT_CLASS = YES_ERROR;
				CLANG_WARN_UNREACHABLE_CODE = YES;
				CLANG_WARN__DUPLICATE_METHOD_MATCH = YES;
				"CODE_SIGN_IDENTITY[sdk=iphoneos*]" = "iPhone Developer";
				COPY_PHASE_STRIP = NO;
				DEBUG_INFORMATION_FORMAT = "dwarf-with-dsym";
				ENABLE_STRICT_OBJC_MSGSEND = YES;
				GCC_C_LANGUAGE_STANDARD = gnu99;
				GCC_DYNAMIC_NO_PIC = NO;
				GCC_NO_COMMON_BLOCKS = YES;
				GCC_OPTIMIZATION_LEVEL = 0;
				GCC_PREPROCESSOR_DEFINITIONS = (
					"DEBUG=1",
					"$(inherited)",
				);
				GCC_SYMBOLS_PRIVATE_EXTERN = NO;
				GCC_WARN_64_TO_32_BIT_CONVERSION = YES;
				GCC_WARN_ABOUT_RETURN_TYPE = YES_ERROR;
				GCC_WARN_UNDECLARED_SELECTOR = YES;
				GCC_WARN_UNINITIALIZED_AUTOS = YES_AGGRESSIVE;
				GCC_WARN_UNUSED_FUNCTION = YES;
				GCC_WARN_UNUSED_VARIABLE = YES;
				IPHONEOS_DEPLOYMENT_TARGET = 8.4;
				MTL_ENABLE_DEBUG_INFO = YES;
				ONLY_ACTIVE_ARCH = YES;
				SDKROOT = iphoneos;
				TARGETED_DEVICE_FAMILY = "1,2";
			};
			name = Debug;
		};
		60C3D7011BA66A6700781E52 /* Release */ = {
			isa = XCBuildConfiguration;
			buildSettings = {
				ALWAYS_SEARCH_USER_PATHS = NO;
				CLANG_CXX_LANGUAGE_STANDARD = "gnu++0x";
				CLANG_CXX_LIBRARY = "libc++";
				CLANG_ENABLE_MODULES = YES;
				CLANG_ENABLE_OBJC_ARC = YES;
				CLANG_WARN_BOOL_CONVERSION = YES;
				CLANG_WARN_CONSTANT_CONVERSION = YES;
				CLANG_WARN_DIRECT_OBJC_ISA_USAGE = YES_ERROR;
				CLANG_WARN_EMPTY_BODY = YES;
				CLANG_WARN_ENUM_CONVERSION = YES;
				CLANG_WARN_INT_CONVERSION = YES;
				CLANG_WARN_OBJC_ROOT_CLASS = YES_ERROR;
				CLANG_WARN_UNREACHABLE_CODE = YES;
				CLANG_WARN__DUPLICATE_METHOD_MATCH = YES;
				"CODE_SIGN_IDENTITY[sdk=iphoneos*]" = "iPhone Developer";
				COPY_PHASE_STRIP = NO;
				DEBUG_INFORMATION_FORMAT = "dwarf-with-dsym";
				ENABLE_NS_ASSERTIONS = NO;
				ENABLE_STRICT_OBJC_MSGSEND = YES;
				GCC_C_LANGUAGE_STANDARD = gnu99;
				GCC_NO_COMMON_BLOCKS = YES;
				GCC_WARN_64_TO_32_BIT_CONVERSION = YES;
				GCC_WARN_ABOUT_RETURN_TYPE = YES_ERROR;
				GCC_WARN_UNDECLARED_SELECTOR = YES;
				GCC_WARN_UNINITIALIZED_AUTOS = YES_AGGRESSIVE;
				GCC_WARN_UNUSED_FUNCTION = YES;
				GCC_WARN_UNUSED_VARIABLE = YES;
				IPHONEOS_DEPLOYMENT_TARGET = 8.4;
				MTL_ENABLE_DEBUG_INFO = NO;
				SDKROOT = iphoneos;
				TARGETED_DEVICE_FAMILY = "1,2";
				VALIDATE_PRODUCT = YES;
			};
			name = Release;
		};
		60C3D7031BA66A6700781E52 /* Debug */ = {
			isa = XCBuildConfiguration;
			buildSettings = {
				ASSETCATALOG_COMPILER_APPICON_NAME = AppIcon;
				INFOPLIST_FILE = NHNetEasyNaviPro/Info.plist;
				IPHONEOS_DEPLOYMENT_TARGET = 7.0;
				LD_RUNPATH_SEARCH_PATHS = "$(inherited) @executable_path/Frameworks";
				PRODUCT_NAME = "$(TARGET_NAME)";
			};
			name = Debug;
		};
		60C3D7041BA66A6700781E52 /* Release */ = {
			isa = XCBuildConfiguration;
			buildSettings = {
				ASSETCATALOG_COMPILER_APPICON_NAME = AppIcon;
				INFOPLIST_FILE = NHNetEasyNaviPro/Info.plist;
				IPHONEOS_DEPLOYMENT_TARGET = 7.0;
				LD_RUNPATH_SEARCH_PATHS = "$(inherited) @executable_path/Frameworks";
				PRODUCT_NAME = "$(TARGET_NAME)";
			};
			name = Release;
		};
		60C3D7061BA66A6700781E52 /* Debug */ = {
			isa = XCBuildConfiguration;
			buildSettings = {
				BUNDLE_LOADER = "$(TEST_HOST)";
				FRAMEWORK_SEARCH_PATHS = (
					"$(SDKROOT)/Developer/Library/Frameworks",
					"$(inherited)",
				);
				GCC_PREPROCESSOR_DEFINITIONS = (
					"DEBUG=1",
					"$(inherited)",
				);
				INFOPLIST_FILE = NHNetEasyNaviProTests/Info.plist;
				LD_RUNPATH_SEARCH_PATHS = "$(inherited) @executable_path/Frameworks @loader_path/Frameworks";
				PRODUCT_NAME = "$(TARGET_NAME)";
				TEST_HOST = "$(BUILT_PRODUCTS_DIR)/NHNetEasyNaviPro.app/NHNetEasyNaviPro";
			};
			name = Debug;
		};
		60C3D7071BA66A6700781E52 /* Release */ = {
			isa = XCBuildConfiguration;
			buildSettings = {
				BUNDLE_LOADER = "$(TEST_HOST)";
				FRAMEWORK_SEARCH_PATHS = (
					"$(SDKROOT)/Developer/Library/Frameworks",
					"$(inherited)",
				);
				INFOPLIST_FILE = NHNetEasyNaviProTests/Info.plist;
				LD_RUNPATH_SEARCH_PATHS = "$(inherited) @executable_path/Frameworks @loader_path/Frameworks";
				PRODUCT_NAME = "$(TARGET_NAME)";
				TEST_HOST = "$(BUILT_PRODUCTS_DIR)/NHNetEasyNaviPro.app/NHNetEasyNaviPro";
			};
			name = Release;
		};
/* End XCBuildConfiguration section */

/* Begin XCConfigurationList section */
		60C3D6DA1BA66A6700781E52 /* Build configuration list for PBXProject "NHNetEasyNaviPro" */ = {
			isa = XCConfigurationList;
			buildConfigurations = (
				60C3D7001BA66A6700781E52 /* Debug */,
				60C3D7011BA66A6700781E52 /* Release */,
			);
			defaultConfigurationIsVisible = 0;
			defaultConfigurationName = Release;
		};
		60C3D7021BA66A6700781E52 /* Build configuration list for PBXNativeTarget "NHNetEasyNaviPro" */ = {
			isa = XCConfigurationList;
			buildConfigurations = (
				60C3D7031BA66A6700781E52 /* Debug */,
				60C3D7041BA66A6700781E52 /* Release */,
			);
			defaultConfigurationIsVisible = 0;
			defaultConfigurationName = Release;
		};
		60C3D7051BA66A6700781E52 /* Build configuration list for PBXNativeTarget "NHNetEasyNaviProTests" */ = {
			isa = XCConfigurationList;
			buildConfigurations = (
				60C3D7061BA66A6700781E52 /* Debug */,
				60C3D7071BA66A6700781E52 /* Release */,
			);
			defaultConfigurationIsVisible = 0;
			defaultConfigurationName = Release;
		};
/* End XCConfigurationList section */
	};
	rootObject = 60C3D6D71BA66A6700781E52 /* Project object */;
}
